
Microsoft Visual Studio Solution File, Format Version 12.00
# Visual Studio 15
VisualStudioVersion = 15.0.28010.2026
MinimumVisualStudioVersion = 10.0.40219.1
Project("{FAE04EC0-301F-11D3-BF4B-00C04F79EFBC}") = "LottoTeamQuiz", "LottoTeamQuiz\LottoTeamQuiz.csproj", "{098E6F46-99FB-46FD-A12D-6866F1468BCA}"
EndProject
Global
	GlobalSection(SolutionConfigurationPlatforms) = preSolution
		Debug|Any CPU = Debug|Any CPU
		Release|Any CPU = Release|Any CPU
	EndGlobalSection
	GlobalSection(ProjectConfigurationPlatforms) = postSolution
		{098E6F46-99FB-46FD-A12D-6866F1468BCA}.Debug|Any CPU.ActiveCfg = Debug|Any CPU
		{098E6F46-99FB-46FD-A12D-6866F1468BCA}.Debug|Any CPU.Build.0 = Debug|Any CPU
		{098E6F46-99FB-46FD-A12D-6866F1468BCA}.Release|Any CPU.ActiveCfg = Release|Any CPU
		{098E6F46-99FB-46FD-A12D-6866F1468BCA}.Release|Any CPU.Build.0 = Release|Any CPU
	EndGlobalSection
	GlobalSection(SolutionProperties) = preSolution
		HideSolutionNode = FALSE
	EndGlobalSection
	GlobalSection(ExtensibilityGlobals) = postSolution
		SolutionGuid = {3D5FC1EF-956B-4CDC-A770-7E68F7CCC6DE}
	EndGlobalSection
EndGlobal
